// !$*UTF8*$!
{
	archiveVersion = 1;
	classes = {
	};
	objectVersion = 56;
	objects = {

/* Begin PBXBuildFile section */
		432B03C0685FE508254BF449 /* Pods_My_ESC_Vote.framework in Frameworks */ = {isa = PBXBuildFile; fileRef = C86BCA311335F0E333FC85EC /* Pods_My_ESC_Vote.framework */; };
		521541282913206D00E19B6F /* LoginViewController.swift in Sources */ = {isa = PBXBuildFile; fileRef = 521541272913206D00E19B6F /* LoginViewController.swift */; };
		523A8FDC2932A35C005A8071 /* ParticipantsViewController.swift in Sources */ = {isa = PBXBuildFile; fileRef = 523A8FDB2932A35C005A8071 /* ParticipantsViewController.swift */; };
		523B733A290ECA7C0070E12A /* AppDelegate.swift in Sources */ = {isa = PBXBuildFile; fileRef = 523B7339290ECA7C0070E12A /* AppDelegate.swift */; };
		523B733C290ECA7C0070E12A /* SceneDelegate.swift in Sources */ = {isa = PBXBuildFile; fileRef = 523B733B290ECA7C0070E12A /* SceneDelegate.swift */; };
		523B7341290ECA7C0070E12A /* Main.storyboard in Resources */ = {isa = PBXBuildFile; fileRef = 523B733F290ECA7C0070E12A /* Main.storyboard */; };
		523B7343290ECA7D0070E12A /* Assets.xcassets in Resources */ = {isa = PBXBuildFile; fileRef = 523B7342290ECA7D0070E12A /* Assets.xcassets */; };
		523B7346290ECA7D0070E12A /* LaunchScreen.storyboard in Resources */ = {isa = PBXBuildFile; fileRef = 523B7344290ECA7D0070E12A /* LaunchScreen.storyboard */; };
		523B734E290ECBCE0070E12A /* GoogleService-Info.plist in Resources */ = {isa = PBXBuildFile; fileRef = 523B734D290ECBCE0070E12A /* GoogleService-Info.plist */; };
		523B7354290ECEE40070E12A /* MainViewController.swift in Sources */ = {isa = PBXBuildFile; fileRef = 523B7353290ECEE40070E12A /* MainViewController.swift */; };
		523B7357290ED04F0070E12A /* ContentConstants.swift in Sources */ = {isa = PBXBuildFile; fileRef = 523B7356290ED04F0070E12A /* ContentConstants.swift */; };
		523B735E290EE1110070E12A /* DatabaseService.swift in Sources */ = {isa = PBXBuildFile; fileRef = 523B735D290EE1110070E12A /* DatabaseService.swift */; };
		523B7360290EE9B00070E12A /* FirebaseService.swift in Sources */ = {isa = PBXBuildFile; fileRef = 523B735F290EE9B00070E12A /* FirebaseService.swift */; };
		523B7362290EEA5A0070E12A /* ValidationHelper.swift in Sources */ = {isa = PBXBuildFile; fileRef = 523B7361290EEA5A0070E12A /* ValidationHelper.swift */; };
		523B7365291027BF0070E12A /* DesignConstants.swift in Sources */ = {isa = PBXBuildFile; fileRef = 523B7364291027BF0070E12A /* DesignConstants.swift */; };
		523B7367291027ED0070E12A /* APIConstants.swift in Sources */ = {isa = PBXBuildFile; fileRef = 523B7366291027ED0070E12A /* APIConstants.swift */; };
		523B7369291028330070E12A /* ViewControllerConstants.swift in Sources */ = {isa = PBXBuildFile; fileRef = 523B7368291028330070E12A /* ViewControllerConstants.swift */; };
		523B736B291028A30070E12A /* AuthenticationService.swift in Sources */ = {isa = PBXBuildFile; fileRef = 523B736A291028A30070E12A /* AuthenticationService.swift */; };
		523B736D2910293A0070E12A /* APIManager.swift in Sources */ = {isa = PBXBuildFile; fileRef = 523B736C2910293A0070E12A /* APIManager.swift */; };
		523B736F291072350070E12A /* RegisterViewController.swift in Sources */ = {isa = PBXBuildFile; fileRef = 523B736E291072350070E12A /* RegisterViewController.swift */; };
		52615578291660FE006988BD /* MenuButton.swift in Sources */ = {isa = PBXBuildFile; fileRef = 52615577291660FE006988BD /* MenuButton.swift */; };
		5261557A29166884006988BD /* Notification+Names.swift in Sources */ = {isa = PBXBuildFile; fileRef = 5261557929166884006988BD /* Notification+Names.swift */; };
		526155812916B002006988BD /* Contest.swift in Sources */ = {isa = PBXBuildFile; fileRef = 526155802916B002006988BD /* Contest.swift */; };
		526155832916B106006988BD /* ContestViewModel.swift in Sources */ = {isa = PBXBuildFile; fileRef = 526155822916B106006988BD /* ContestViewModel.swift */; };
		526155872916E9BF006988BD /* FirebaseAuth in Frameworks */ = {isa = PBXBuildFile; productRef = 526155862916E9BF006988BD /* FirebaseAuth */; };
		526155892916E9BF006988BD /* FirebaseFirestore in Frameworks */ = {isa = PBXBuildFile; productRef = 526155882916E9BF006988BD /* FirebaseFirestore */; };
		5261558B2916E9BF006988BD /* FirebaseFirestoreSwift in Frameworks */ = {isa = PBXBuildFile; productRef = 5261558A2916E9BF006988BD /* FirebaseFirestoreSwift */; };
		5261558D2916E9BF006988BD /* FirebaseStorage in Frameworks */ = {isa = PBXBuildFile; productRef = 5261558C2916E9BF006988BD /* FirebaseStorage */; };
		5261558F2916F8FD006988BD /* HasDocumentID.swift in Sources */ = {isa = PBXBuildFile; fileRef = 5261558E2916F8FD006988BD /* HasDocumentID.swift */; };
		5261559829180074006988BD /* APIManagerTests.swift in Sources */ = {isa = PBXBuildFile; fileRef = 5261559729180074006988BD /* APIManagerTests.swift */; };
		5261559F291805D9006988BD /* FirebaseFirestore in Frameworks */ = {isa = PBXBuildFile; productRef = 5261559E291805D9006988BD /* FirebaseFirestore */; };
		526155A1291805F4006988BD /* FirebaseAuth in Frameworks */ = {isa = PBXBuildFile; productRef = 526155A0291805F4006988BD /* FirebaseAuth */; };
		526155A3291805F4006988BD /* FirebaseFirestoreSwift in Frameworks */ = {isa = PBXBuildFile; productRef = 526155A2291805F4006988BD /* FirebaseFirestoreSwift */; };
		526FDF1E293270AB00B7DEB8 /* VoteCategoriesListViewModel.swift in Sources */ = {isa = PBXBuildFile; fileRef = 526FDF1D293270AB00B7DEB8 /* VoteCategoriesListViewModel.swift */; };
		526FDF20293272F100B7DEB8 /* VoteCategoriesListItemViewModel.swift in Sources */ = {isa = PBXBuildFile; fileRef = 526FDF1F293272F100B7DEB8 /* VoteCategoriesListItemViewModel.swift */; };
		526FDF2229327AC300B7DEB8 /* LoadingIndicator.swift in Sources */ = {isa = PBXBuildFile; fileRef = 526FDF2129327AC300B7DEB8 /* LoadingIndicator.swift */; };
		5295AA8829198D3F00B820FE /* VoteMenuCell.swift in Sources */ = {isa = PBXBuildFile; fileRef = 5295AA8729198D3F00B820FE /* VoteMenuCell.swift */; };
		5295AA8A29198EBC00B820FE /* ConstatnsTypealiases.swift in Sources */ = {isa = PBXBuildFile; fileRef = 5295AA8929198EBC00B820FE /* ConstatnsTypealiases.swift */; };
		5295AA8C291996D600B820FE /* MainVoteViewController.swift in Sources */ = {isa = PBXBuildFile; fileRef = 5295AA8B291996D600B820FE /* MainVoteViewController.swift */; };
		5295AA8E2919985100B820FE /* VoteCategoryPageCell.swift in Sources */ = {isa = PBXBuildFile; fileRef = 5295AA8D2919985100B820FE /* VoteCategoryPageCell.swift */; };
		52ADDB16292D7E2200D6703F /* CollectionViewSegmentedControl.swift in Sources */ = {isa = PBXBuildFile; fileRef = 52ADDB15292D7E2200D6703F /* CollectionViewSegmentedControl.swift */; };
		52ADDB18292D7FA700D6703F /* SegmentedControlButton.swift in Sources */ = {isa = PBXBuildFile; fileRef = 52ADDB17292D7FA700D6703F /* SegmentedControlButton.swift */; };
		52ADDB1A292D809500D6703F /* CollectionViewSegmentedControl.xib in Resources */ = {isa = PBXBuildFile; fileRef = 52ADDB19292D809500D6703F /* CollectionViewSegmentedControl.xib */; };
		52ADDB1C292D824E00D6703F /* SegmentedControlButton.xib in Resources */ = {isa = PBXBuildFile; fileRef = 52ADDB1B292D824E00D6703F /* SegmentedControlButton.xib */; };
		52ADDB1E292D8AF500D6703F /* Array+ForEachOtherThan.swift in Sources */ = {isa = PBXBuildFile; fileRef = 52ADDB1D292D8AF500D6703F /* Array+ForEachOtherThan.swift */; };
		52ADDB31292E60CC00D6703F /* Metropolis-Bold.ttf in Resources */ = {isa = PBXBuildFile; fileRef = 52ADDB2E292E60A700D6703F /* Metropolis-Bold.ttf */; };
		52ADDB32292E60CC00D6703F /* Metropolis-LightItalic.ttf in Resources */ = {isa = PBXBuildFile; fileRef = 52ADDB1F292E60A600D6703F /* Metropolis-LightItalic.ttf */; };
		52ADDB33292E60CC00D6703F /* Metropolis-Regular.ttf in Resources */ = {isa = PBXBuildFile; fileRef = 52ADDB25292E60A600D6703F /* Metropolis-Regular.ttf */; };
		52ADDB34292E60CC00D6703F /* Metropolis-SemiBold.ttf in Resources */ = {isa = PBXBuildFile; fileRef = 52ADDB2B292E60A700D6703F /* Metropolis-SemiBold.ttf */; };
		52ADDB35292E60CC00D6703F /* Metropolis-SemiBoldItalic.ttf in Resources */ = {isa = PBXBuildFile; fileRef = 52ADDB27292E60A600D6703F /* Metropolis-SemiBoldItalic.ttf */; };
		52ADDB36292E60CC00D6703F /* Metropolis-BlackItalic.ttf in Resources */ = {isa = PBXBuildFile; fileRef = 52ADDB2C292E60A700D6703F /* Metropolis-BlackItalic.ttf */; };
		52ADDB37292E60CC00D6703F /* Metropolis-ExtraLightItalic.ttf in Resources */ = {isa = PBXBuildFile; fileRef = 52ADDB22292E60A600D6703F /* Metropolis-ExtraLightItalic.ttf */; };
		52ADDB38292E60CC00D6703F /* Metropolis-ThinItalic.ttf in Resources */ = {isa = PBXBuildFile; fileRef = 52ADDB28292E60A600D6703F /* Metropolis-ThinItalic.ttf */; };
		52ADDB39292E60CC00D6703F /* Metropolis-Black.ttf in Resources */ = {isa = PBXBuildFile; fileRef = 52ADDB26292E60A600D6703F /* Metropolis-Black.ttf */; };
		52ADDB3A292E60CC00D6703F /* Metropolis-RegularItalic.ttf in Resources */ = {isa = PBXBuildFile; fileRef = 52ADDB2A292E60A700D6703F /* Metropolis-RegularItalic.ttf */; };
		52ADDB3B292E60CC00D6703F /* Metropolis-Medium.ttf in Resources */ = {isa = PBXBuildFile; fileRef = 52ADDB20292E60A600D6703F /* Metropolis-Medium.ttf */; };
		52ADDB3C292E60CC00D6703F /* Metropolis-ExtraBoldItalic.ttf in Resources */ = {isa = PBXBuildFile; fileRef = 52ADDB30292E60A700D6703F /* Metropolis-ExtraBoldItalic.ttf */; };
		52ADDB3D292E60CC00D6703F /* Metropolis-ExtraLight.ttf in Resources */ = {isa = PBXBuildFile; fileRef = 52ADDB21292E60A600D6703F /* Metropolis-ExtraLight.ttf */; };
		52ADDB3E292E60CC00D6703F /* Metropolis-BoldItalic.ttf in Resources */ = {isa = PBXBuildFile; fileRef = 52ADDB29292E60A700D6703F /* Metropolis-BoldItalic.ttf */; };
		52ADDB3F292E60CC00D6703F /* Metropolis-ExtraBold.ttf in Resources */ = {isa = PBXBuildFile; fileRef = 52ADDB2D292E60A700D6703F /* Metropolis-ExtraBold.ttf */; };
		52ADDB40292E60CC00D6703F /* Metropolis-MediumItalic.ttf in Resources */ = {isa = PBXBuildFile; fileRef = 52ADDB23292E60A600D6703F /* Metropolis-MediumItalic.ttf */; };
		52ADDB41292E60CC00D6703F /* Metropolis-Light.ttf in Resources */ = {isa = PBXBuildFile; fileRef = 52ADDB24292E60A600D6703F /* Metropolis-Light.ttf */; };
		52ADDB42292E60CC00D6703F /* Metropolis-Thin.ttf in Resources */ = {isa = PBXBuildFile; fileRef = 52ADDB2F292E60A700D6703F /* Metropolis-Thin.ttf */; };
		52C327CC29108BFB00F9965A /* RegistrationForm.swift in Sources */ = {isa = PBXBuildFile; fileRef = 52C327CB29108BFB00F9965A /* RegistrationForm.swift */; };
		52C327CF291093E300F9965A /* RegisterViewModel.swift in Sources */ = {isa = PBXBuildFile; fileRef = 52C327CE291093E300F9965A /* RegisterViewModel.swift */; };
		52C327D22910A28600F9965A /* Localizable.strings in Resources */ = {isa = PBXBuildFile; fileRef = 52C327D42910A28600F9965A /* Localizable.strings */; };
		52C327DE291137D100F9965A /* LabelView.swift in Sources */ = {isa = PBXBuildFile; fileRef = 52C327DD291137D100F9965A /* LabelView.swift */; };
		52C8180C291465F40006CA38 /* MenuOption.swift in Sources */ = {isa = PBXBuildFile; fileRef = 52C8180B291465F40006CA38 /* MenuOption.swift */; };
		52C8181329150D7F0006CA38 /* UIViewController+AddObserversToSubviews.swift in Sources */ = {isa = PBXBuildFile; fileRef = 52C8181229150D7F0006CA38 /* UIViewController+AddObserversToSubviews.swift */; };
		52C81815291566910006CA38 /* AboutInfoView.swift in Sources */ = {isa = PBXBuildFile; fileRef = 52C81814291566910006CA38 /* AboutInfoView.swift */; };
		52C81817291572390006CA38 /* UIView+InstanceFromNib.swift in Sources */ = {isa = PBXBuildFile; fileRef = 52C81816291572390006CA38 /* UIView+InstanceFromNib.swift */; };
		52C81819291572AB0006CA38 /* AboutInfoView.xib in Resources */ = {isa = PBXBuildFile; fileRef = 52C81818291572AB0006CA38 /* AboutInfoView.xib */; };
		52C8181B291580BA0006CA38 /* DashboardTabBarController.swift in Sources */ = {isa = PBXBuildFile; fileRef = 52C8181A291580BA0006CA38 /* DashboardTabBarController.swift */; };
		52C8181D291587800006CA38 /* ContestsViewController.swift in Sources */ = {isa = PBXBuildFile; fileRef = 52C8181C291587800006CA38 /* ContestsViewController.swift */; };
		52C9516A2933A2DD000D7FEE /* HavingNib.swift in Sources */ = {isa = PBXBuildFile; fileRef = 52C951692933A2DD000D7FEE /* HavingNib.swift */; };
		52C9516D2934064A000D7FEE /* UITableView+Register.swift in Sources */ = {isa = PBXBuildFile; fileRef = 52C9516C2934064A000D7FEE /* UITableView+Register.swift */; };
		52C9516F29340797000D7FEE /* UICollectionView+Register.swift in Sources */ = {isa = PBXBuildFile; fileRef = 52C9516E29340797000D7FEE /* UICollectionView+Register.swift */; };
		52CE1743291C43F000F93E28 /* ContestTableViewCell.swift in Sources */ = {isa = PBXBuildFile; fileRef = 52CE1741291C43F000F93E28 /* ContestTableViewCell.swift */; };
		52CE1746291E673000F93E28 /* ContestTableViewCell.xib in Resources */ = {isa = PBXBuildFile; fileRef = 52CE1745291E673000F93E28 /* ContestTableViewCell.xib */; };
		52CE174B291EECC500F93E28 /* ParticipantCell.swift in Sources */ = {isa = PBXBuildFile; fileRef = 52CE1749291EECC500F93E28 /* ParticipantCell.swift */; };
		52CE174C291EECC500F93E28 /* ParticipantCell.xib in Resources */ = {isa = PBXBuildFile; fileRef = 52CE174A291EECC500F93E28 /* ParticipantCell.xib */; };
		52CE174F291EEFA900F93E28 /* Participant.swift in Sources */ = {isa = PBXBuildFile; fileRef = 52CE174E291EEFA900F93E28 /* Participant.swift */; };
		52CE1751291EF00C00F93E28 /* ParticipantListViewModel.swift in Sources */ = {isa = PBXBuildFile; fileRef = 52CE1750291EF00C00F93E28 /* ParticipantListViewModel.swift */; };
		52D02ECA293392C7000D696A /* ParticipantsViewController.storyboard in Resources */ = {isa = PBXBuildFile; fileRef = 52D02EC9293392C7000D696A /* ParticipantsViewController.storyboard */; };
		52D02ECD29339545000D696A /* HavingStoryboard.swift in Sources */ = {isa = PBXBuildFile; fileRef = 52D02ECC29339545000D696A /* HavingStoryboard.swift */; };
		52D02ECF29339E6E000D696A /* MainVoteViewController.storyboard in Resources */ = {isa = PBXBuildFile; fileRef = 52D02ECE29339E6E000D696A /* MainVoteViewController.storyboard */; };
		52DD7D8E2931022300EDCB5E /* AppAppearance.swift in Sources */ = {isa = PBXBuildFile; fileRef = 52DD7D8D2931022300EDCB5E /* AppAppearance.swift */; };
		52DD7D9B2931526E00EDCB5E /* ParticipantListItemViewModel.swift in Sources */ = {isa = PBXBuildFile; fileRef = 52DD7D9A2931526E00EDCB5E /* ParticipantListItemViewModel.swift */; };
		52DD7D9E2931581300EDCB5E /* Observable.swift in Sources */ = {isa = PBXBuildFile; fileRef = 52DD7D9D2931581300EDCB5E /* Observable.swift */; };
/* End PBXBuildFile section */

/* Begin PBXContainerItemProxy section */
		5261559929180074006988BD /* PBXContainerItemProxy */ = {
			isa = PBXContainerItemProxy;
			containerPortal = 523B732E290ECA7C0070E12A /* Project object */;
			proxyType = 1;
			remoteGlobalIDString = 523B7335290ECA7C0070E12A;
			remoteInfo = "My ESC Vote";
		};
/* End PBXContainerItemProxy section */

/* Begin PBXFileReference section */
		521541272913206D00E19B6F /* LoginViewController.swift */ = {isa = PBXFileReference; lastKnownFileType = sourcecode.swift; path = LoginViewController.swift; sourceTree = "<group>"; };
		523A8FDB2932A35C005A8071 /* ParticipantsViewController.swift */ = {isa = PBXFileReference; lastKnownFileType = sourcecode.swift; name = ParticipantsViewController.swift; path = "../../../../../../../../Maciej/Developer/My ESC Vote/My ESC Vote/Presentation/MyESCVoteScene/VotingPages/View/ParticipantsViewController.swift"; sourceTree = "<group>"; };
		523B7336290ECA7C0070E12A /* My ESC Vote.app */ = {isa = PBXFileReference; explicitFileType = wrapper.application; includeInIndex = 0; path = "My ESC Vote.app"; sourceTree = BUILT_PRODUCTS_DIR; };
		523B7339290ECA7C0070E12A /* AppDelegate.swift */ = {isa = PBXFileReference; lastKnownFileType = sourcecode.swift; path = AppDelegate.swift; sourceTree = "<group>"; };
		523B733B290ECA7C0070E12A /* SceneDelegate.swift */ = {isa = PBXFileReference; lastKnownFileType = sourcecode.swift; path = SceneDelegate.swift; sourceTree = "<group>"; };
		523B7340290ECA7C0070E12A /* Base */ = {isa = PBXFileReference; lastKnownFileType = file.storyboard; name = Base; path = Base.lproj/Main.storyboard; sourceTree = "<group>"; };
		523B7342290ECA7D0070E12A /* Assets.xcassets */ = {isa = PBXFileReference; lastKnownFileType = folder.assetcatalog; path = Assets.xcassets; sourceTree = "<group>"; };
		523B7345290ECA7D0070E12A /* Base */ = {isa = PBXFileReference; lastKnownFileType = file.storyboard; name = Base; path = Base.lproj/LaunchScreen.storyboard; sourceTree = "<group>"; };
		523B7347290ECA7D0070E12A /* Info.plist */ = {isa = PBXFileReference; lastKnownFileType = text.plist.xml; path = Info.plist; sourceTree = "<group>"; };
		523B734D290ECBCE0070E12A /* GoogleService-Info.plist */ = {isa = PBXFileReference; fileEncoding = 4; lastKnownFileType = text.plist.xml; path = "GoogleService-Info.plist"; sourceTree = "<group>"; };
		523B7353290ECEE40070E12A /* MainViewController.swift */ = {isa = PBXFileReference; lastKnownFileType = sourcecode.swift; path = MainViewController.swift; sourceTree = "<group>"; };
		523B7356290ED04F0070E12A /* ContentConstants.swift */ = {isa = PBXFileReference; lastKnownFileType = sourcecode.swift; path = ContentConstants.swift; sourceTree = "<group>"; };
		523B735D290EE1110070E12A /* DatabaseService.swift */ = {isa = PBXFileReference; lastKnownFileType = sourcecode.swift; name = DatabaseService.swift; path = "../../../../../Maciej/Developer/My ESC Vote/My ESC Vote/Services/DatabaseService.swift"; sourceTree = "<group>"; };
		523B735F290EE9B00070E12A /* FirebaseService.swift */ = {isa = PBXFileReference; lastKnownFileType = sourcecode.swift; name = FirebaseService.swift; path = "../../../../../Maciej/Developer/My ESC Vote/My ESC Vote/Services/FirebaseService.swift"; sourceTree = "<group>"; };
		523B7361290EEA5A0070E12A /* ValidationHelper.swift */ = {isa = PBXFileReference; lastKnownFileType = sourcecode.swift; name = ValidationHelper.swift; path = "../../../../../Maciej/Developer/My ESC Vote/My ESC Vote/Utils/ValidationHelper.swift"; sourceTree = "<group>"; };
		523B7364291027BF0070E12A /* DesignConstants.swift */ = {isa = PBXFileReference; lastKnownFileType = sourcecode.swift; name = DesignConstants.swift; path = "../../../../../../Maciej/Developer/My ESC Vote/My ESC Vote/Utils/Constants/DesignConstants.swift"; sourceTree = "<group>"; };
		523B7366291027ED0070E12A /* APIConstants.swift */ = {isa = PBXFileReference; lastKnownFileType = sourcecode.swift; name = APIConstants.swift; path = "../../../../../../Maciej/Developer/My ESC Vote/My ESC Vote/Utils/Constants/APIConstants.swift"; sourceTree = "<group>"; };
		523B7368291028330070E12A /* ViewControllerConstants.swift */ = {isa = PBXFileReference; lastKnownFileType = sourcecode.swift; name = ViewControllerConstants.swift; path = "../../../../../../Maciej/Developer/My ESC Vote/My ESC Vote/Utils/Constants/ViewControllerConstants.swift"; sourceTree = "<group>"; };
		523B736A291028A30070E12A /* AuthenticationService.swift */ = {isa = PBXFileReference; lastKnownFileType = sourcecode.swift; name = AuthenticationService.swift; path = "../../../../../Maciej/Developer/My ESC Vote/My ESC Vote/Services/AuthenticationService.swift"; sourceTree = "<group>"; };
		523B736C2910293A0070E12A /* APIManager.swift */ = {isa = PBXFileReference; lastKnownFileType = sourcecode.swift; name = APIManager.swift; path = "../../../../../Maciej/Developer/My ESC Vote/My ESC Vote/Services/APIManager.swift"; sourceTree = "<group>"; };
		523B736E291072350070E12A /* RegisterViewController.swift */ = {isa = PBXFileReference; lastKnownFileType = sourcecode.swift; path = RegisterViewController.swift; sourceTree = "<group>"; };
		52615577291660FE006988BD /* MenuButton.swift */ = {isa = PBXFileReference; lastKnownFileType = sourcecode.swift; name = MenuButton.swift; path = "../../../../../../Maciej/Developer/My ESC Vote/My ESC Vote/Views/View Elements/MenuButton.swift"; sourceTree = "<group>"; };
		5261557929166884006988BD /* Notification+Names.swift */ = {isa = PBXFileReference; lastKnownFileType = sourcecode.swift; name = "Notification+Names.swift"; path = "../../../../../Maciej/Developer/My ESC Vote/My ESC Vote/Extensions/Notification+Names.swift"; sourceTree = "<group>"; };
		526155802916B002006988BD /* Contest.swift */ = {isa = PBXFileReference; lastKnownFileType = sourcecode.swift; path = Contest.swift; sourceTree = "<group>"; };
		526155822916B106006988BD /* ContestViewModel.swift */ = {isa = PBXFileReference; lastKnownFileType = sourcecode.swift; name = ContestViewModel.swift; path = "../../../../../Maciej/Developer/My ESC Vote/My ESC Vote/ViewModels/ContestViewModel.swift"; sourceTree = "<group>"; };
		5261558E2916F8FD006988BD /* HasDocumentID.swift */ = {isa = PBXFileReference; lastKnownFileType = sourcecode.swift; path = HasDocumentID.swift; sourceTree = "<group>"; };
		5261559529180074006988BD /* My ESC Vote Tests.xctest */ = {isa = PBXFileReference; explicitFileType = wrapper.cfbundle; includeInIndex = 0; path = "My ESC Vote Tests.xctest"; sourceTree = BUILT_PRODUCTS_DIR; };
		5261559729180074006988BD /* APIManagerTests.swift */ = {isa = PBXFileReference; lastKnownFileType = sourcecode.swift; path = APIManagerTests.swift; sourceTree = "<group>"; };
		526FDF1D293270AB00B7DEB8 /* VoteCategoriesListViewModel.swift */ = {isa = PBXFileReference; lastKnownFileType = sourcecode.swift; name = VoteCategoriesListViewModel.swift; path = "../../../../../../../../Maciej/Developer/My ESC Vote/My ESC Vote/Presentation/MyESCVoteScene/VotingPages/ViewModel/VoteCategoriesListViewModel.swift"; sourceTree = "<group>"; };
		526FDF1F293272F100B7DEB8 /* VoteCategoriesListItemViewModel.swift */ = {isa = PBXFileReference; lastKnownFileType = sourcecode.swift; name = VoteCategoriesListItemViewModel.swift; path = "../../../../../../../../Maciej/Developer/My ESC Vote/My ESC Vote/Presentation/MyESCVoteScene/VotingPages/ViewModel/VoteCategoriesListItemViewModel.swift"; sourceTree = "<group>"; };
		526FDF2129327AC300B7DEB8 /* LoadingIndicator.swift */ = {isa = PBXFileReference; lastKnownFileType = sourcecode.swift; name = LoadingIndicator.swift; path = "../../../../../../Maciej/Developer/My ESC Vote/My ESC Vote/Presentation/Utils/LoadingIndicator.swift"; sourceTree = "<group>"; };
		5295AA8729198D3F00B820FE /* VoteMenuCell.swift */ = {isa = PBXFileReference; lastKnownFileType = sourcecode.swift; name = VoteMenuCell.swift; path = "../../../../../../Maciej/Developer/My ESC Vote/My ESC Vote/Views/Cells/VoteMenuCell.swift"; sourceTree = "<group>"; };
		5295AA8929198EBC00B820FE /* ConstatnsTypealiases.swift */ = {isa = PBXFileReference; lastKnownFileType = sourcecode.swift; name = ConstatnsTypealiases.swift; path = "../../../../../Maciej/Developer/My ESC Vote/My ESC Vote/Utils/ConstatnsTypealiases.swift"; sourceTree = "<group>"; };
		5295AA8B291996D600B820FE /* MainVoteViewController.swift */ = {isa = PBXFileReference; lastKnownFileType = sourcecode.swift; path = MainVoteViewController.swift; sourceTree = "<group>"; };
		5295AA8D2919985100B820FE /* VoteCategoryPageCell.swift */ = {isa = PBXFileReference; lastKnownFileType = sourcecode.swift; path = VoteCategoryPageCell.swift; sourceTree = "<group>"; };
		52ADDB15292D7E2200D6703F /* CollectionViewSegmentedControl.swift */ = {isa = PBXFileReference; lastKnownFileType = sourcecode.swift; name = CollectionViewSegmentedControl.swift; path = "../../../../../../Maciej/Developer/My ESC Vote/My ESC Vote/Views/View Elements/CollectionViewSegmentedControl.swift"; sourceTree = "<group>"; };
		52ADDB17292D7FA700D6703F /* SegmentedControlButton.swift */ = {isa = PBXFileReference; lastKnownFileType = sourcecode.swift; name = SegmentedControlButton.swift; path = "../../../../../../Maciej/Developer/My ESC Vote/My ESC Vote/Views/View Elements/SegmentedControlButton.swift"; sourceTree = "<group>"; };
		52ADDB19292D809500D6703F /* CollectionViewSegmentedControl.xib */ = {isa = PBXFileReference; lastKnownFileType = file.xib; name = CollectionViewSegmentedControl.xib; path = "../../../../../../Maciej/Developer/My ESC Vote/My ESC Vote/Views/View Elements/CollectionViewSegmentedControl.xib"; sourceTree = "<group>"; };
		52ADDB1B292D824E00D6703F /* SegmentedControlButton.xib */ = {isa = PBXFileReference; lastKnownFileType = file.xib; name = SegmentedControlButton.xib; path = "../../../../../../Maciej/Developer/My ESC Vote/My ESC Vote/Views/View Elements/SegmentedControlButton.xib"; sourceTree = "<group>"; };
		52ADDB1D292D8AF500D6703F /* Array+ForEachOtherThan.swift */ = {isa = PBXFileReference; lastKnownFileType = sourcecode.swift; name = "Array+ForEachOtherThan.swift"; path = "../../../../../Maciej/Developer/My ESC Vote/My ESC Vote/Extensions/Array+ForEachOtherThan.swift"; sourceTree = "<group>"; };
		52ADDB1F292E60A600D6703F /* Metropolis-LightItalic.ttf */ = {isa = PBXFileReference; lastKnownFileType = file; path = "Metropolis-LightItalic.ttf"; sourceTree = "<group>"; };
		52ADDB20292E60A600D6703F /* Metropolis-Medium.ttf */ = {isa = PBXFileReference; lastKnownFileType = file; path = "Metropolis-Medium.ttf"; sourceTree = "<group>"; };
		52ADDB21292E60A600D6703F /* Metropolis-ExtraLight.ttf */ = {isa = PBXFileReference; lastKnownFileType = file; path = "Metropolis-ExtraLight.ttf"; sourceTree = "<group>"; };
		52ADDB22292E60A600D6703F /* Metropolis-ExtraLightItalic.ttf */ = {isa = PBXFileReference; lastKnownFileType = file; path = "Metropolis-ExtraLightItalic.ttf"; sourceTree = "<group>"; };
		52ADDB23292E60A600D6703F /* Metropolis-MediumItalic.ttf */ = {isa = PBXFileReference; lastKnownFileType = file; path = "Metropolis-MediumItalic.ttf"; sourceTree = "<group>"; };
		52ADDB24292E60A600D6703F /* Metropolis-Light.ttf */ = {isa = PBXFileReference; lastKnownFileType = file; path = "Metropolis-Light.ttf"; sourceTree = "<group>"; };
		52ADDB25292E60A600D6703F /* Metropolis-Regular.ttf */ = {isa = PBXFileReference; lastKnownFileType = file; path = "Metropolis-Regular.ttf"; sourceTree = "<group>"; };
		52ADDB26292E60A600D6703F /* Metropolis-Black.ttf */ = {isa = PBXFileReference; lastKnownFileType = file; path = "Metropolis-Black.ttf"; sourceTree = "<group>"; };
		52ADDB27292E60A600D6703F /* Metropolis-SemiBoldItalic.ttf */ = {isa = PBXFileReference; lastKnownFileType = file; path = "Metropolis-SemiBoldItalic.ttf"; sourceTree = "<group>"; };
		52ADDB28292E60A600D6703F /* Metropolis-ThinItalic.ttf */ = {isa = PBXFileReference; lastKnownFileType = file; path = "Metropolis-ThinItalic.ttf"; sourceTree = "<group>"; };
		52ADDB29292E60A700D6703F /* Metropolis-BoldItalic.ttf */ = {isa = PBXFileReference; lastKnownFileType = file; path = "Metropolis-BoldItalic.ttf"; sourceTree = "<group>"; };
		52ADDB2A292E60A700D6703F /* Metropolis-RegularItalic.ttf */ = {isa = PBXFileReference; lastKnownFileType = file; path = "Metropolis-RegularItalic.ttf"; sourceTree = "<group>"; };
		52ADDB2B292E60A700D6703F /* Metropolis-SemiBold.ttf */ = {isa = PBXFileReference; lastKnownFileType = file; path = "Metropolis-SemiBold.ttf"; sourceTree = "<group>"; };
		52ADDB2C292E60A700D6703F /* Metropolis-BlackItalic.ttf */ = {isa = PBXFileReference; lastKnownFileType = file; path = "Metropolis-BlackItalic.ttf"; sourceTree = "<group>"; };
		52ADDB2D292E60A700D6703F /* Metropolis-ExtraBold.ttf */ = {isa = PBXFileReference; lastKnownFileType = file; path = "Metropolis-ExtraBold.ttf"; sourceTree = "<group>"; };
		52ADDB2E292E60A700D6703F /* Metropolis-Bold.ttf */ = {isa = PBXFileReference; lastKnownFileType = file; path = "Metropolis-Bold.ttf"; sourceTree = "<group>"; };
		52ADDB2F292E60A700D6703F /* Metropolis-Thin.ttf */ = {isa = PBXFileReference; lastKnownFileType = file; path = "Metropolis-Thin.ttf"; sourceTree = "<group>"; };
		52ADDB30292E60A700D6703F /* Metropolis-ExtraBoldItalic.ttf */ = {isa = PBXFileReference; lastKnownFileType = file; path = "Metropolis-ExtraBoldItalic.ttf"; sourceTree = "<group>"; };
		52C327CB29108BFB00F9965A /* RegistrationForm.swift */ = {isa = PBXFileReference; lastKnownFileType = sourcecode.swift; path = RegistrationForm.swift; sourceTree = "<group>"; };
		52C327CE291093E300F9965A /* RegisterViewModel.swift */ = {isa = PBXFileReference; lastKnownFileType = sourcecode.swift; name = RegisterViewModel.swift; path = "../../../../../Maciej/Developer/My ESC Vote/My ESC Vote/ViewModels/RegisterViewModel.swift"; sourceTree = "<group>"; };
		52C327D32910A28600F9965A /* en */ = {isa = PBXFileReference; lastKnownFileType = text.plist.strings; name = en; path = en.lproj/Localizable.strings; sourceTree = "<group>"; };
		52C327DD291137D100F9965A /* LabelView.swift */ = {isa = PBXFileReference; lastKnownFileType = sourcecode.swift; path = LabelView.swift; sourceTree = "<group>"; };
		52C8180B291465F40006CA38 /* MenuOption.swift */ = {isa = PBXFileReference; lastKnownFileType = sourcecode.swift; name = MenuOption.swift; path = "../../../../../../Maciej/Developer/My ESC Vote/My ESC Vote/Models/Menu/MenuOption.swift"; sourceTree = "<group>"; };
		52C8181229150D7F0006CA38 /* UIViewController+AddObserversToSubviews.swift */ = {isa = PBXFileReference; lastKnownFileType = sourcecode.swift; name = "UIViewController+AddObserversToSubviews.swift"; path = "../../../../../Maciej/Developer/My ESC Vote/My ESC Vote/Extensions/UIViewController+AddObserversToSubviews.swift"; sourceTree = "<group>"; };
		52C81814291566910006CA38 /* AboutInfoView.swift */ = {isa = PBXFileReference; lastKnownFileType = sourcecode.swift; name = AboutInfoView.swift; path = "../../../../../../Maciej/Developer/My ESC Vote/My ESC Vote/Views/View Elements/AboutInfoView.swift"; sourceTree = "<group>"; };
		52C81816291572390006CA38 /* UIView+InstanceFromNib.swift */ = {isa = PBXFileReference; lastKnownFileType = sourcecode.swift; name = "UIView+InstanceFromNib.swift"; path = "../../../../../Maciej/Developer/My ESC Vote/My ESC Vote/Extensions/UIView+InstanceFromNib.swift"; sourceTree = "<group>"; };
		52C81818291572AB0006CA38 /* AboutInfoView.xib */ = {isa = PBXFileReference; lastKnownFileType = file.xib; name = AboutInfoView.xib; path = "../../../../../../Maciej/Developer/My ESC Vote/My ESC Vote/Views/View Elements/AboutInfoView.xib"; sourceTree = "<group>"; };
		52C8181A291580BA0006CA38 /* DashboardTabBarController.swift */ = {isa = PBXFileReference; lastKnownFileType = sourcecode.swift; name = DashboardTabBarController.swift; path = "../../../../../Maciej/Developer/My ESC Vote/My ESC Vote/Controllers/DashboardTabBarController.swift"; sourceTree = "<group>"; };
		52C8181C291587800006CA38 /* ContestsViewController.swift */ = {isa = PBXFileReference; lastKnownFileType = sourcecode.swift; path = ContestsViewController.swift; sourceTree = "<group>"; };
		52C951692933A2DD000D7FEE /* HavingNib.swift */ = {isa = PBXFileReference; lastKnownFileType = sourcecode.swift; name = HavingNib.swift; path = "../../../../../../../Maciej/Developer/My ESC Vote/My ESC Vote/Presentation/Utils/Protocols/HavingNib.swift"; sourceTree = "<group>"; };
		52C9516C2934064A000D7FEE /* UITableView+Register.swift */ = {isa = PBXFileReference; lastKnownFileType = sourcecode.swift; name = "UITableView+Register.swift"; path = "../../../../../../../Maciej/Developer/My ESC Vote/My ESC Vote/Presentation/Utils/Extensions/UITableView+Register.swift"; sourceTree = "<group>"; };
		52C9516E29340797000D7FEE /* UICollectionView+Register.swift */ = {isa = PBXFileReference; lastKnownFileType = sourcecode.swift; name = "UICollectionView+Register.swift"; path = "../../../../../../../Maciej/Developer/My ESC Vote/My ESC Vote/Presentation/Utils/Extensions/UICollectionView+Register.swift"; sourceTree = "<group>"; };
		52CE1741291C43F000F93E28 /* ContestTableViewCell.swift */ = {isa = PBXFileReference; lastKnownFileType = sourcecode.swift; name = ContestTableViewCell.swift; path = "../../../../../../Maciej/Developer/My ESC Vote/My ESC Vote/Views/Cells/ContestTableViewCell.swift"; sourceTree = "<group>"; };
		52CE1745291E673000F93E28 /* ContestTableViewCell.xib */ = {isa = PBXFileReference; lastKnownFileType = file.xib; name = ContestTableViewCell.xib; path = "../../../../../../Maciej/Developer/My ESC Vote/My ESC Vote/Views/Cells/ContestTableViewCell.xib"; sourceTree = "<group>"; };
		52CE1749291EECC500F93E28 /* ParticipantCell.swift */ = {isa = PBXFileReference; lastKnownFileType = sourcecode.swift; path = ParticipantCell.swift; sourceTree = "<group>"; };
		52CE174A291EECC500F93E28 /* ParticipantCell.xib */ = {isa = PBXFileReference; lastKnownFileType = file.xib; path = ParticipantCell.xib; sourceTree = "<group>"; };
		52CE174E291EEFA900F93E28 /* Participant.swift */ = {isa = PBXFileReference; lastKnownFileType = sourcecode.swift; path = Participant.swift; sourceTree = "<group>"; };
		52CE1750291EF00C00F93E28 /* ParticipantListViewModel.swift */ = {isa = PBXFileReference; lastKnownFileType = sourcecode.swift; path = ParticipantListViewModel.swift; sourceTree = "<group>"; };
		52D02EC9293392C7000D696A /* ParticipantsViewController.storyboard */ = {isa = PBXFileReference; lastKnownFileType = file.storyboard; name = ParticipantsViewController.storyboard; path = "../../../../../../../../Maciej/Developer/My ESC Vote/My ESC Vote/Presentation/MyESCVoteScene/VotingPages/View/ParticipantsViewController.storyboard"; sourceTree = "<group>"; };
		52D02ECC29339545000D696A /* HavingStoryboard.swift */ = {isa = PBXFileReference; lastKnownFileType = sourcecode.swift; name = HavingStoryboard.swift; path = "../../../../../../../Maciej/Developer/My ESC Vote/My ESC Vote/Presentation/Utils/Protocols/HavingStoryboard.swift"; sourceTree = "<group>"; };
		52D02ECE29339E6E000D696A /* MainVoteViewController.storyboard */ = {isa = PBXFileReference; lastKnownFileType = file.storyboard; name = MainVoteViewController.storyboard; path = "../../../../../../../../Maciej/Developer/My ESC Vote/My ESC Vote/Presentation/MyESCVoteScene/VotingPages/View/MainVoteViewController.storyboard"; sourceTree = "<group>"; };
		52DD7D8D2931022300EDCB5E /* AppAppearance.swift */ = {isa = PBXFileReference; lastKnownFileType = sourcecode.swift; name = AppAppearance.swift; path = "../../../../../Maciej/Developer/My ESC Vote/My ESC Vote/Application/AppAppearance.swift"; sourceTree = "<group>"; };
		52DD7D9A2931526E00EDCB5E /* ParticipantListItemViewModel.swift */ = {isa = PBXFileReference; lastKnownFileType = sourcecode.swift; name = ParticipantListItemViewModel.swift; path = "../../../../../../../../Maciej/Developer/My ESC Vote/My ESC Vote/Presentation/MyESCVoteScene/VotingPages/ViewModel/ParticipantListItemViewModel.swift"; sourceTree = "<group>"; };
		52DD7D9D2931581300EDCB5E /* Observable.swift */ = {isa = PBXFileReference; lastKnownFileType = sourcecode.swift; name = Observable.swift; path = "../../../../../../Maciej/Developer/My ESC Vote/My ESC Vote/Presentation/Utils/Observable.swift"; sourceTree = "<group>"; };
		54B292AB1A001336D1D81857 /* Pods-My ESC Vote.debug.xcconfig */ = {isa = PBXFileReference; includeInIndex = 1; lastKnownFileType = text.xcconfig; name = "Pods-My ESC Vote.debug.xcconfig"; path = "Target Support Files/Pods-My ESC Vote/Pods-My ESC Vote.debug.xcconfig"; sourceTree = "<group>"; };
		C86BCA311335F0E333FC85EC /* Pods_My_ESC_Vote.framework */ = {isa = PBXFileReference; explicitFileType = wrapper.framework; includeInIndex = 0; path = Pods_My_ESC_Vote.framework; sourceTree = BUILT_PRODUCTS_DIR; };
		E159C06529FF6CCADC33D48A /* Pods-My ESC Vote.release.xcconfig */ = {isa = PBXFileReference; includeInIndex = 1; lastKnownFileType = text.xcconfig; name = "Pods-My ESC Vote.release.xcconfig"; path = "Target Support Files/Pods-My ESC Vote/Pods-My ESC Vote.release.xcconfig"; sourceTree = "<group>"; };
/* End PBXFileReference section */

/* Begin PBXFrameworksBuildPhase section */
		523B7333290ECA7C0070E12A /* Frameworks */ = {
			isa = PBXFrameworksBuildPhase;
			buildActionMask = 2147483647;
			files = (
				432B03C0685FE508254BF449 /* Pods_My_ESC_Vote.framework in Frameworks */,
				526155872916E9BF006988BD /* FirebaseAuth in Frameworks */,
				526155892916E9BF006988BD /* FirebaseFirestore in Frameworks */,
				5261558D2916E9BF006988BD /* FirebaseStorage in Frameworks */,
				5261558B2916E9BF006988BD /* FirebaseFirestoreSwift in Frameworks */,
			);
			runOnlyForDeploymentPostprocessing = 0;
		};
		5261559229180074006988BD /* Frameworks */ = {
			isa = PBXFrameworksBuildPhase;
			buildActionMask = 2147483647;
			files = (
				5261559F291805D9006988BD /* FirebaseFirestore in Frameworks */,
				526155A1291805F4006988BD /* FirebaseAuth in Frameworks */,
				526155A3291805F4006988BD /* FirebaseFirestoreSwift in Frameworks */,
			);
			runOnlyForDeploymentPostprocessing = 0;
		};
/* End PBXFrameworksBuildPhase section */

/* Begin PBXGroup section */
		486A8C6BF5502B36C2E396D4 /* Pods */ = {
			isa = PBXGroup;
			children = (
				54B292AB1A001336D1D81857 /* Pods-My ESC Vote.debug.xcconfig */,
				E159C06529FF6CCADC33D48A /* Pods-My ESC Vote.release.xcconfig */,
			);
			path = Pods;
			sourceTree = "<group>";
		};
		521541232911A2E900E19B6F /* Src */ = {
			isa = PBXGroup;
			children = (
				521541242911A2F000E19B6F /* Fonts */,
			);
			path = Src;
			sourceTree = "<group>";
		};
		521541242911A2F000E19B6F /* Fonts */ = {
			isa = PBXGroup;
			children = (
				52ADDB26292E60A600D6703F /* Metropolis-Black.ttf */,
				52ADDB2C292E60A700D6703F /* Metropolis-BlackItalic.ttf */,
				52ADDB2E292E60A700D6703F /* Metropolis-Bold.ttf */,
				52ADDB29292E60A700D6703F /* Metropolis-BoldItalic.ttf */,
				52ADDB2D292E60A700D6703F /* Metropolis-ExtraBold.ttf */,
				52ADDB30292E60A700D6703F /* Metropolis-ExtraBoldItalic.ttf */,
				52ADDB21292E60A600D6703F /* Metropolis-ExtraLight.ttf */,
				52ADDB22292E60A600D6703F /* Metropolis-ExtraLightItalic.ttf */,
				52ADDB24292E60A600D6703F /* Metropolis-Light.ttf */,
				52ADDB1F292E60A600D6703F /* Metropolis-LightItalic.ttf */,
				52ADDB20292E60A600D6703F /* Metropolis-Medium.ttf */,
				52ADDB23292E60A600D6703F /* Metropolis-MediumItalic.ttf */,
				52ADDB25292E60A600D6703F /* Metropolis-Regular.ttf */,
				52ADDB2A292E60A700D6703F /* Metropolis-RegularItalic.ttf */,
				52ADDB2B292E60A700D6703F /* Metropolis-SemiBold.ttf */,
				52ADDB27292E60A600D6703F /* Metropolis-SemiBoldItalic.ttf */,
				52ADDB2F292E60A700D6703F /* Metropolis-Thin.ttf */,
				52ADDB28292E60A600D6703F /* Metropolis-ThinItalic.ttf */,
			);
			path = Fonts;
			sourceTree = "<group>";
		};
		523B732D290ECA7C0070E12A = {
			isa = PBXGroup;
			children = (
				523B7338290ECA7C0070E12A /* My ESC Vote */,
				5261559629180074006988BD /* My ESC Vote Tests */,
				523B7337290ECA7C0070E12A /* Products */,
				486A8C6BF5502B36C2E396D4 /* Pods */,
				6A7505C57BD0EC8E5BEEBC9D /* Frameworks */,
			);
			sourceTree = "<group>";
		};
		523B7337290ECA7C0070E12A /* Products */ = {
			isa = PBXGroup;
			children = (
				523B7336290ECA7C0070E12A /* My ESC Vote.app */,
				5261559529180074006988BD /* My ESC Vote Tests.xctest */,
			);
			name = Products;
			sourceTree = "<group>";
		};
		523B7338290ECA7C0070E12A /* My ESC Vote */ = {
			isa = PBXGroup;
			children = (
				52DD7D98293109A800EDCB5E /* Data */,
				52DD7D972931097800EDCB5E /* Domain */,
				52DD7D8C293101E300EDCB5E /* Application */,
				52DD7D8B293100E800EDCB5E /* Presentation */,
				52C8181129150D1B0006CA38 /* Extensions */,
				521541232911A2E900E19B6F /* Src */,
				523B7355290ED0470070E12A /* Utils */,
				523B7352290ECE000070E12A /* Services */,
				523B7351290ECDFB0070E12A /* Models */,
				52C327CD29108C6500F9965A /* ViewModels */,
				523B7350290ECDF30070E12A /* Views */,
				523B734F290ECDEC0070E12A /* Controllers */,
				523B7342290ECA7D0070E12A /* Assets.xcassets */,
				523B7344290ECA7D0070E12A /* LaunchScreen.storyboard */,
				523B734D290ECBCE0070E12A /* GoogleService-Info.plist */,
				523B7347290ECA7D0070E12A /* Info.plist */,
				52C327D42910A28600F9965A /* Localizable.strings */,
			);
			path = "My ESC Vote";
			sourceTree = "<group>";
		};
		523B734F290ECDEC0070E12A /* Controllers */ = {
			isa = PBXGroup;
			children = (
				5295AA902919989200B820FE /* Authentication */,
				5295AA8F2919988C00B820FE /* Voting */,
				52C8181A291580BA0006CA38 /* DashboardTabBarController.swift */,
				52C8181C291587800006CA38 /* ContestsViewController.swift */,
			);
			path = Controllers;
			sourceTree = "<group>";
		};
		523B7350290ECDF30070E12A /* Views */ = {
			isa = PBXGroup;
			children = (
				52C327E1291139C100F9965A /* Cells */,
				52C327E2291139C600F9965A /* View Elements */,
			);
			path = Views;
			sourceTree = "<group>";
		};
		523B7351290ECDFB0070E12A /* Models */ = {
			isa = PBXGroup;
			children = (
				52CE174D291EEF9800F93E28 /* Voting */,
				5261557F2916AFE0006988BD /* Contest Information */,
				52C8180A291465E50006CA38 /* Registration */,
				52C81809291465DE0006CA38 /* Menu */,
			);
			path = Models;
			sourceTree = "<group>";
		};
		523B7352290ECE000070E12A /* Services */ = {
			isa = PBXGroup;
			children = (
				526155902916F942006988BD /* Protocols */,
				523B736C2910293A0070E12A /* APIManager.swift */,
				523B735D290EE1110070E12A /* DatabaseService.swift */,
				523B735F290EE9B00070E12A /* FirebaseService.swift */,
				523B736A291028A30070E12A /* AuthenticationService.swift */,
			);
			path = Services;
			sourceTree = "<group>";
		};
		523B7355290ED0470070E12A /* Utils */ = {
			isa = PBXGroup;
			children = (
				523B73632910279C0070E12A /* Constants */,
				523B7361290EEA5A0070E12A /* ValidationHelper.swift */,
				5295AA8929198EBC00B820FE /* ConstatnsTypealiases.swift */,
			);
			path = Utils;
			sourceTree = "<group>";
		};
		523B73632910279C0070E12A /* Constants */ = {
			isa = PBXGroup;
			children = (
				523B7356290ED04F0070E12A /* ContentConstants.swift */,
				523B7364291027BF0070E12A /* DesignConstants.swift */,
				523B7366291027ED0070E12A /* APIConstants.swift */,
				523B7368291028330070E12A /* ViewControllerConstants.swift */,
			);
			path = Constants;
			sourceTree = "<group>";
		};
		5261557F2916AFE0006988BD /* Contest Information */ = {
			isa = PBXGroup;
			children = (
			);
			path = "Contest Information";
			sourceTree = "<group>";
		};
		526155902916F942006988BD /* Protocols */ = {
			isa = PBXGroup;
			children = (
				5261558E2916F8FD006988BD /* HasDocumentID.swift */,
			);
			path = Protocols;
			sourceTree = "<group>";
		};
		5261559629180074006988BD /* My ESC Vote Tests */ = {
			isa = PBXGroup;
			children = (
				5261559729180074006988BD /* APIManagerTests.swift */,
			);
			path = "My ESC Vote Tests";
			sourceTree = "<group>";
		};
		5295AA8F2919988C00B820FE /* Voting */ = {
			isa = PBXGroup;
			children = (
			);
			path = Voting;
			sourceTree = "<group>";
		};
		5295AA902919989200B820FE /* Authentication */ = {
			isa = PBXGroup;
			children = (
				523B736E291072350070E12A /* RegisterViewController.swift */,
				521541272913206D00E19B6F /* LoginViewController.swift */,
			);
			path = Authentication;
			sourceTree = "<group>";
		};
		52C327CD29108C6500F9965A /* ViewModels */ = {
			isa = PBXGroup;
			children = (
				52C327CE291093E300F9965A /* RegisterViewModel.swift */,
				526155822916B106006988BD /* ContestViewModel.swift */,
			);
			path = ViewModels;
			sourceTree = "<group>";
		};
		52C327E1291139C100F9965A /* Cells */ = {
			isa = PBXGroup;
			children = (
				5295AA8729198D3F00B820FE /* VoteMenuCell.swift */,
				52CE1741291C43F000F93E28 /* ContestTableViewCell.swift */,
				52CE1745291E673000F93E28 /* ContestTableViewCell.xib */,
			);
			path = Cells;
			sourceTree = "<group>";
		};
		52C327E2291139C600F9965A /* View Elements */ = {
			isa = PBXGroup;
			children = (
				52C327DD291137D100F9965A /* LabelView.swift */,
				52C81814291566910006CA38 /* AboutInfoView.swift */,
				52C81818291572AB0006CA38 /* AboutInfoView.xib */,
				52615577291660FE006988BD /* MenuButton.swift */,
				52ADDB15292D7E2200D6703F /* CollectionViewSegmentedControl.swift */,
				52ADDB19292D809500D6703F /* CollectionViewSegmentedControl.xib */,
				52ADDB17292D7FA700D6703F /* SegmentedControlButton.swift */,
				52ADDB1B292D824E00D6703F /* SegmentedControlButton.xib */,
			);
			path = "View Elements";
			sourceTree = "<group>";
		};
		52C81809291465DE0006CA38 /* Menu */ = {
			isa = PBXGroup;
			children = (
				52C8180B291465F40006CA38 /* MenuOption.swift */,
			);
			path = Menu;
			sourceTree = "<group>";
		};
		52C8180A291465E50006CA38 /* Registration */ = {
			isa = PBXGroup;
			children = (
			);
			path = Registration;
			sourceTree = "<group>";
		};
		52C8181129150D1B0006CA38 /* Extensions */ = {
			isa = PBXGroup;
			children = (
				52C8181229150D7F0006CA38 /* UIViewController+AddObserversToSubviews.swift */,
				52C81816291572390006CA38 /* UIView+InstanceFromNib.swift */,
				5261557929166884006988BD /* Notification+Names.swift */,
				52ADDB1D292D8AF500D6703F /* Array+ForEachOtherThan.swift */,
			);
			path = Extensions;
			sourceTree = "<group>";
		};
		52C9516B2933AA68000D7FEE /* Extensions */ = {
			isa = PBXGroup;
			children = (
				52C9516C2934064A000D7FEE /* UITableView+Register.swift */,
				52C9516E29340797000D7FEE /* UICollectionView+Register.swift */,
			);
			path = Extensions;
			sourceTree = "<group>";
		};
		52CE174D291EEF9800F93E28 /* Voting */ = {
			isa = PBXGroup;
			children = (
			);
			path = Voting;
			sourceTree = "<group>";
		};
		52D02ECB2933946D000D696A /* Protocols */ = {
			isa = PBXGroup;
			children = (
				52D02ECC29339545000D696A /* HavingStoryboard.swift */,
				52C951692933A2DD000D7FEE /* HavingNib.swift */,
			);
			path = Protocols;
			sourceTree = "<group>";
		};
		52DD7D8B293100E800EDCB5E /* Presentation */ = {
			isa = PBXGroup;
			children = (
				52DD7D9C2931580400EDCB5E /* Utils */,
				52DD7D8F293102B000EDCB5E /* MyESCVoteScene */,
			);
			path = Presentation;
			sourceTree = "<group>";
		};
		52DD7D8C293101E300EDCB5E /* Application */ = {
			isa = PBXGroup;
			children = (
				523B7339290ECA7C0070E12A /* AppDelegate.swift */,
				52DD7D8D2931022300EDCB5E /* AppAppearance.swift */,
				523B733B290ECA7C0070E12A /* SceneDelegate.swift */,
			);
			path = Application;
			sourceTree = "<group>";
		};
		52DD7D8F293102B000EDCB5E /* MyESCVoteScene */ = {
			isa = PBXGroup;
			children = (
				52DD7D932931043000EDCB5E /* VotingPages */,
				52DD7D92293103FD00EDCB5E /* UserAuthentication */,
				52DD7D91293103EC00EDCB5E /* ContestsList */,
				52DD7D90293102C100EDCB5E /* Home */,
			);
			path = MyESCVoteScene;
			sourceTree = "<group>";
		};
		52DD7D90293102C100EDCB5E /* Home */ = {
			isa = PBXGroup;
			children = (
				523B7353290ECEE40070E12A /* MainViewController.swift */,
				523B733F290ECA7C0070E12A /* Main.storyboard */,
			);
			path = Home;
			sourceTree = "<group>";
		};
		52DD7D91293103EC00EDCB5E /* ContestsList */ = {
			isa = PBXGroup;
			children = (
			);
			path = ContestsList;
			sourceTree = "<group>";
		};
		52DD7D92293103FD00EDCB5E /* UserAuthentication */ = {
			isa = PBXGroup;
			children = (
			);
			path = UserAuthentication;
			sourceTree = "<group>";
		};
		52DD7D932931043000EDCB5E /* VotingPages */ = {
			isa = PBXGroup;
			children = (
				52DD7D942931045F00EDCB5E /* ViewModel */,
				52DD7D952931046500EDCB5E /* View */,
			);
			path = VotingPages;
			sourceTree = "<group>";
		};
		52DD7D942931045F00EDCB5E /* ViewModel */ = {
			isa = PBXGroup;
			children = (
				52CE1750291EF00C00F93E28 /* ParticipantListViewModel.swift */,
				52DD7D9A2931526E00EDCB5E /* ParticipantListItemViewModel.swift */,
				526FDF1D293270AB00B7DEB8 /* VoteCategoriesListViewModel.swift */,
				526FDF1F293272F100B7DEB8 /* VoteCategoriesListItemViewModel.swift */,
			);
			path = ViewModel;
			sourceTree = "<group>";
		};
		52DD7D952931046500EDCB5E /* View */ = {
			isa = PBXGroup;
			children = (
				5295AA8B291996D600B820FE /* MainVoteViewController.swift */,
				52D02ECE29339E6E000D696A /* MainVoteViewController.storyboard */,
				523A8FDB2932A35C005A8071 /* ParticipantsViewController.swift */,
				52D02EC9293392C7000D696A /* ParticipantsViewController.storyboard */,
				52DD7D962931047800EDCB5E /* Cells */,
			);
			path = View;
			sourceTree = "<group>";
		};
		52DD7D962931047800EDCB5E /* Cells */ = {
			isa = PBXGroup;
			children = (
				5295AA8D2919985100B820FE /* VoteCategoryPageCell.swift */,
				52CE1749291EECC500F93E28 /* ParticipantCell.swift */,
				52CE174A291EECC500F93E28 /* ParticipantCell.xib */,
			);
			path = Cells;
			sourceTree = "<group>";
		};
		52DD7D972931097800EDCB5E /* Domain */ = {
			isa = PBXGroup;
			children = (
				52DD7D99293109B900EDCB5E /* Entities */,
			);
			path = Domain;
			sourceTree = "<group>";
		};
		52DD7D98293109A800EDCB5E /* Data */ = {
			isa = PBXGroup;
			children = (
			);
			path = Data;
			sourceTree = "<group>";
		};
		52DD7D99293109B900EDCB5E /* Entities */ = {
			isa = PBXGroup;
			children = (
				52CE174E291EEFA900F93E28 /* Participant.swift */,
				526155802916B002006988BD /* Contest.swift */,
				52C327CB29108BFB00F9965A /* RegistrationForm.swift */,
			);
			path = Entities;
			sourceTree = "<group>";
		};
		52DD7D9C2931580400EDCB5E /* Utils */ = {
			isa = PBXGroup;
			children = (
				52C9516B2933AA68000D7FEE /* Extensions */,
				52D02ECB2933946D000D696A /* Protocols */,
				52DD7D9D2931581300EDCB5E /* Observable.swift */,
				526FDF2129327AC300B7DEB8 /* LoadingIndicator.swift */,
			);
			path = Utils;
			sourceTree = "<group>";
		};
		6A7505C57BD0EC8E5BEEBC9D /* Frameworks */ = {
			isa = PBXGroup;
			children = (
				C86BCA311335F0E333FC85EC /* Pods_My_ESC_Vote.framework */,
			);
			name = Frameworks;
			sourceTree = "<group>";
		};
/* End PBXGroup section */

/* Begin PBXNativeTarget section */
		523B7335290ECA7C0070E12A /* My ESC Vote */ = {
			isa = PBXNativeTarget;
			buildConfigurationList = 523B734A290ECA7D0070E12A /* Build configuration list for PBXNativeTarget "My ESC Vote" */;
			buildPhases = (
				5C58EEABEFE8E7D89D242868 /* [CP] Check Pods Manifest.lock */,
				523B7332290ECA7C0070E12A /* Sources */,
				523B7333290ECA7C0070E12A /* Frameworks */,
				523B7334290ECA7C0070E12A /* Resources */,
				97ADC38793658BECFB9CE62C /* [CP] Embed Pods Frameworks */,
			);
			buildRules = (
			);
			dependencies = (
			);
			name = "My ESC Vote";
			packageProductDependencies = (
				526155862916E9BF006988BD /* FirebaseAuth */,
				526155882916E9BF006988BD /* FirebaseFirestore */,
				5261558A2916E9BF006988BD /* FirebaseFirestoreSwift */,
				5261558C2916E9BF006988BD /* FirebaseStorage */,
			);
			productName = "My ESC Vote";
			productReference = 523B7336290ECA7C0070E12A /* My ESC Vote.app */;
			productType = "com.apple.product-type.application";
		};
		5261559429180074006988BD /* My ESC Vote Tests */ = {
			isa = PBXNativeTarget;
			buildConfigurationList = 5261559D29180074006988BD /* Build configuration list for PBXNativeTarget "My ESC Vote Tests" */;
			buildPhases = (
				5261559129180074006988BD /* Sources */,
				5261559229180074006988BD /* Frameworks */,
				5261559329180074006988BD /* Resources */,
			);
			buildRules = (
			);
			dependencies = (
				5261559A29180074006988BD /* PBXTargetDependency */,
			);
			name = "My ESC Vote Tests";
			packageProductDependencies = (
				5261559E291805D9006988BD /* FirebaseFirestore */,
				526155A0291805F4006988BD /* FirebaseAuth */,
				526155A2291805F4006988BD /* FirebaseFirestoreSwift */,
			);
			productName = "My ESC Vote Tests";
			productReference = 5261559529180074006988BD /* My ESC Vote Tests.xctest */;
			productType = "com.apple.product-type.bundle.unit-test";
		};
/* End PBXNativeTarget section */

/* Begin PBXProject section */
		523B732E290ECA7C0070E12A /* Project object */ = {
			isa = PBXProject;
			attributes = {
				BuildIndependentTargetsInParallel = 1;
				LastSwiftUpdateCheck = 1410;
				LastUpgradeCheck = 1400;
				TargetAttributes = {
					523B7335290ECA7C0070E12A = {
						CreatedOnToolsVersion = 14.0.1;
					};
					5261559429180074006988BD = {
						CreatedOnToolsVersion = 14.1;
						TestTargetID = 523B7335290ECA7C0070E12A;
					};
				};
			};
			buildConfigurationList = 523B7331290ECA7C0070E12A /* Build configuration list for PBXProject "My ESC Vote" */;
			compatibilityVersion = "Xcode 14.0";
			developmentRegion = en;
			hasScannedForEncodings = 0;
			knownRegions = (
				en,
				Base,
			);
			mainGroup = 523B732D290ECA7C0070E12A;
			packageReferences = (
				526155852916E9BF006988BD /* XCRemoteSwiftPackageReference "firebase-ios-sdk" */,
			);
			productRefGroup = 523B7337290ECA7C0070E12A /* Products */;
			projectDirPath = "";
			projectRoot = "";
			targets = (
				523B7335290ECA7C0070E12A /* My ESC Vote */,
				5261559429180074006988BD /* My ESC Vote Tests */,
			);
		};
/* End PBXProject section */

/* Begin PBXResourcesBuildPhase section */
		523B7334290ECA7C0070E12A /* Resources */ = {
			isa = PBXResourcesBuildPhase;
			buildActionMask = 2147483647;
			files = (
				52ADDB3E292E60CC00D6703F /* Metropolis-BoldItalic.ttf in Resources */,
				52ADDB39292E60CC00D6703F /* Metropolis-Black.ttf in Resources */,
				52C327D22910A28600F9965A /* Localizable.strings in Resources */,
				52ADDB41292E60CC00D6703F /* Metropolis-Light.ttf in Resources */,
				52ADDB34292E60CC00D6703F /* Metropolis-SemiBold.ttf in Resources */,
				523B7346290ECA7D0070E12A /* LaunchScreen.storyboard in Resources */,
				523B7343290ECA7D0070E12A /* Assets.xcassets in Resources */,
				52ADDB42292E60CC00D6703F /* Metropolis-Thin.ttf in Resources */,
				52ADDB40292E60CC00D6703F /* Metropolis-MediumItalic.ttf in Resources */,
				52ADDB1A292D809500D6703F /* CollectionViewSegmentedControl.xib in Resources */,
				52ADDB3A292E60CC00D6703F /* Metropolis-RegularItalic.ttf in Resources */,
				52ADDB1C292D824E00D6703F /* SegmentedControlButton.xib in Resources */,
				52C81819291572AB0006CA38 /* AboutInfoView.xib in Resources */,
				52ADDB3B292E60CC00D6703F /* Metropolis-Medium.ttf in Resources */,
				52ADDB36292E60CC00D6703F /* Metropolis-BlackItalic.ttf in Resources */,
				52D02ECA293392C7000D696A /* ParticipantsViewController.storyboard in Resources */,
				52ADDB32292E60CC00D6703F /* Metropolis-LightItalic.ttf in Resources */,
				52ADDB3D292E60CC00D6703F /* Metropolis-ExtraLight.ttf in Resources */,
				52ADDB38292E60CC00D6703F /* Metropolis-ThinItalic.ttf in Resources */,
				52ADDB33292E60CC00D6703F /* Metropolis-Regular.ttf in Resources */,
				52ADDB35292E60CC00D6703F /* Metropolis-SemiBoldItalic.ttf in Resources */,
				52CE1746291E673000F93E28 /* ContestTableViewCell.xib in Resources */,
				52ADDB3C292E60CC00D6703F /* Metropolis-ExtraBoldItalic.ttf in Resources */,
				52CE174C291EECC500F93E28 /* ParticipantCell.xib in Resources */,
				52ADDB3F292E60CC00D6703F /* Metropolis-ExtraBold.ttf in Resources */,
				523B7341290ECA7C0070E12A /* Main.storyboard in Resources */,
				52ADDB37292E60CC00D6703F /* Metropolis-ExtraLightItalic.ttf in Resources */,
				52D02ECF29339E6E000D696A /* MainVoteViewController.storyboard in Resources */,
				523B734E290ECBCE0070E12A /* GoogleService-Info.plist in Resources */,
				52ADDB31292E60CC00D6703F /* Metropolis-Bold.ttf in Resources */,
			);
			runOnlyForDeploymentPostprocessing = 0;
		};
		5261559329180074006988BD /* Resources */ = {
			isa = PBXResourcesBuildPhase;
			buildActionMask = 2147483647;
			files = (
			);
			runOnlyForDeploymentPostprocessing = 0;
		};
/* End PBXResourcesBuildPhase section */

/* Begin PBXShellScriptBuildPhase section */
		5C58EEABEFE8E7D89D242868 /* [CP] Check Pods Manifest.lock */ = {
			isa = PBXShellScriptBuildPhase;
			buildActionMask = 2147483647;
			files = (
			);
			inputFileListPaths = (
			);
			inputPaths = (
				"${PODS_PODFILE_DIR_PATH}/Podfile.lock",
				"${PODS_ROOT}/Manifest.lock",
			);
			name = "[CP] Check Pods Manifest.lock";
			outputFileListPaths = (
			);
			outputPaths = (
				"$(DERIVED_FILE_DIR)/Pods-My ESC Vote-checkManifestLockResult.txt",
			);
			runOnlyForDeploymentPostprocessing = 0;
			shellPath = /bin/sh;
			shellScript = "diff \"${PODS_PODFILE_DIR_PATH}/Podfile.lock\" \"${PODS_ROOT}/Manifest.lock\" > /dev/null\nif [ $? != 0 ] ; then\n    # print error to STDERR\n    echo \"error: The sandbox is not in sync with the Podfile.lock. Run 'pod install' or update your CocoaPods installation.\" >&2\n    exit 1\nfi\n# This output is used by Xcode 'outputs' to avoid re-running this script phase.\necho \"SUCCESS\" > \"${SCRIPT_OUTPUT_FILE_0}\"\n";
			showEnvVarsInLog = 0;
		};
		97ADC38793658BECFB9CE62C /* [CP] Embed Pods Frameworks */ = {
			isa = PBXShellScriptBuildPhase;
			buildActionMask = 2147483647;
			files = (
			);
			inputFileListPaths = (
				"${PODS_ROOT}/Target Support Files/Pods-My ESC Vote/Pods-My ESC Vote-frameworks-${CONFIGURATION}-input-files.xcfilelist",
			);
			name = "[CP] Embed Pods Frameworks";
			outputFileListPaths = (
				"${PODS_ROOT}/Target Support Files/Pods-My ESC Vote/Pods-My ESC Vote-frameworks-${CONFIGURATION}-output-files.xcfilelist",
			);
			runOnlyForDeploymentPostprocessing = 0;
			shellPath = /bin/sh;
			shellScript = "\"${PODS_ROOT}/Target Support Files/Pods-My ESC Vote/Pods-My ESC Vote-frameworks.sh\"\n";
			showEnvVarsInLog = 0;
		};
/* End PBXShellScriptBuildPhase section */

/* Begin PBXSourcesBuildPhase section */
		523B7332290ECA7C0070E12A /* Sources */ = {
			isa = PBXSourcesBuildPhase;
			buildActionMask = 2147483647;
			files = (
				526155812916B002006988BD /* Contest.swift in Sources */,
				52CE174F291EEFA900F93E28 /* Participant.swift in Sources */,
				52ADDB1E292D8AF500D6703F /* Array+ForEachOtherThan.swift in Sources */,
				52C9516D2934064A000D7FEE /* UITableView+Register.swift in Sources */,
				523B7354290ECEE40070E12A /* MainViewController.swift in Sources */,
				523B735E290EE1110070E12A /* DatabaseService.swift in Sources */,
				523B7369291028330070E12A /* ViewControllerConstants.swift in Sources */,
				52ADDB18292D7FA700D6703F /* SegmentedControlButton.swift in Sources */,
				52CE1751291EF00C00F93E28 /* ParticipantListViewModel.swift in Sources */,
				523B733A290ECA7C0070E12A /* AppDelegate.swift in Sources */,
				523B736B291028A30070E12A /* AuthenticationService.swift in Sources */,
				526FDF20293272F100B7DEB8 /* VoteCategoriesListItemViewModel.swift in Sources */,
				52DD7D9E2931581300EDCB5E /* Observable.swift in Sources */,
				52C8180C291465F40006CA38 /* MenuOption.swift in Sources */,
				523B733C290ECA7C0070E12A /* SceneDelegate.swift in Sources */,
				5295AA8E2919985100B820FE /* VoteCategoryPageCell.swift in Sources */,
				52C327CC29108BFB00F9965A /* RegistrationForm.swift in Sources */,
				52C9516F29340797000D7FEE /* UICollectionView+Register.swift in Sources */,
				52CE174B291EECC500F93E28 /* ParticipantCell.swift in Sources */,
				5261557A29166884006988BD /* Notification+Names.swift in Sources */,
				52ADDB16292D7E2200D6703F /* CollectionViewSegmentedControl.swift in Sources */,
				5295AA8829198D3F00B820FE /* VoteMenuCell.swift in Sources */,
				52D02ECD29339545000D696A /* HavingStoryboard.swift in Sources */,
				523A8FDC2932A35C005A8071 /* ParticipantsViewController.swift in Sources */,
				52C8181B291580BA0006CA38 /* DashboardTabBarController.swift in Sources */,
				523B7360290EE9B00070E12A /* FirebaseService.swift in Sources */,
				523B7367291027ED0070E12A /* APIConstants.swift in Sources */,
				52C81815291566910006CA38 /* AboutInfoView.swift in Sources */,
				5295AA8A29198EBC00B820FE /* ConstatnsTypealiases.swift in Sources */,
				52C8181D291587800006CA38 /* ContestsViewController.swift in Sources */,
				526FDF1E293270AB00B7DEB8 /* VoteCategoriesListViewModel.swift in Sources */,
				526FDF2229327AC300B7DEB8 /* LoadingIndicator.swift in Sources */,
				523B7365291027BF0070E12A /* DesignConstants.swift in Sources */,
				5295AA8C291996D600B820FE /* MainVoteViewController.swift in Sources */,
				52C9516A2933A2DD000D7FEE /* HavingNib.swift in Sources */,
				523B7362290EEA5A0070E12A /* ValidationHelper.swift in Sources */,
				52CE1743291C43F000F93E28 /* ContestTableViewCell.swift in Sources */,
				523B736F291072350070E12A /* RegisterViewController.swift in Sources */,
				523B736D2910293A0070E12A /* APIManager.swift in Sources */,
				52C81817291572390006CA38 /* UIView+InstanceFromNib.swift in Sources */,
				521541282913206D00E19B6F /* LoginViewController.swift in Sources */,
				5261558F2916F8FD006988BD /* HasDocumentID.swift in Sources */,
				52DD7D9B2931526E00EDCB5E /* ParticipantListItemViewModel.swift in Sources */,
				52C327CF291093E300F9965A /* RegisterViewModel.swift in Sources */,
				523B7357290ED04F0070E12A /* ContentConstants.swift in Sources */,
				52C327DE291137D100F9965A /* LabelView.swift in Sources */,
				52615578291660FE006988BD /* MenuButton.swift in Sources */,
				52C8181329150D7F0006CA38 /* UIViewController+AddObserversToSubviews.swift in Sources */,
				526155832916B106006988BD /* ContestViewModel.swift in Sources */,
				52DD7D8E2931022300EDCB5E /* AppAppearance.swift in Sources */,
			);
			runOnlyForDeploymentPostprocessing = 0;
		};
		5261559129180074006988BD /* Sources */ = {
			isa = PBXSourcesBuildPhase;
			buildActionMask = 2147483647;
			files = (
				5261559829180074006988BD /* APIManagerTests.swift in Sources */,
			);
			runOnlyForDeploymentPostprocessing = 0;
		};
/* End PBXSourcesBuildPhase section */

/* Begin PBXTargetDependency section */
		5261559A29180074006988BD /* PBXTargetDependency */ = {
			isa = PBXTargetDependency;
			target = 523B7335290ECA7C0070E12A /* My ESC Vote */;
			targetProxy = 5261559929180074006988BD /* PBXContainerItemProxy */;
		};
/* End PBXTargetDependency section */

/* Begin PBXVariantGroup section */
		523B733F290ECA7C0070E12A /* Main.storyboard */ = {
			isa = PBXVariantGroup;
			children = (
				523B7340290ECA7C0070E12A /* Base */,
			);
			name = Main.storyboard;
			sourceTree = "<group>";
		};
		523B7344290ECA7D0070E12A /* LaunchScreen.storyboard */ = {
			isa = PBXVariantGroup;
			children = (
				523B7345290ECA7D0070E12A /* Base */,
			);
			name = LaunchScreen.storyboard;
			sourceTree = "<group>";
		};
		52C327D42910A28600F9965A /* Localizable.strings */ = {
			isa = PBXVariantGroup;
			children = (
				52C327D32910A28600F9965A /* en */,
			);
			name = Localizable.strings;
			path = "../../../../Maciej/Developer/My ESC Vote/My ESC Vote";
			sourceTree = "<group>";
		};
/* End PBXVariantGroup section */

/* Begin XCBuildConfiguration section */
		523B7348290ECA7D0070E12A /* Debug */ = {
			isa = XCBuildConfiguration;
			buildSettings = {
				ALWAYS_SEARCH_USER_PATHS = NO;
				ASSETCATALOG_COMPILER_GLOBAL_ACCENT_COLOR_NAME = "";
				CLANG_ANALYZER_LOCALIZABILITY_NONLOCALIZED = YES;
				CLANG_ANALYZER_NONNULL = YES;
				CLANG_ANALYZER_NUMBER_OBJECT_CONVERSION = YES_AGGRESSIVE;
				CLANG_CXX_LANGUAGE_STANDARD = "gnu++20";
				CLANG_ENABLE_MODULES = YES;
				CLANG_ENABLE_OBJC_ARC = YES;
				CLANG_ENABLE_OBJC_WEAK = YES;
				CLANG_WARN_BLOCK_CAPTURE_AUTORELEASING = YES;
				CLANG_WARN_BOOL_CONVERSION = YES;
				CLANG_WARN_COMMA = YES;
				CLANG_WARN_CONSTANT_CONVERSION = YES;
				CLANG_WARN_DEPRECATED_OBJC_IMPLEMENTATIONS = YES;
				CLANG_WARN_DIRECT_OBJC_ISA_USAGE = YES_ERROR;
				CLANG_WARN_DOCUMENTATION_COMMENTS = YES;
				CLANG_WARN_EMPTY_BODY = YES;
				CLANG_WARN_ENUM_CONVERSION = YES;
				CLANG_WARN_INFINITE_RECURSION = YES;
				CLANG_WARN_INT_CONVERSION = YES;
				CLANG_WARN_NON_LITERAL_NULL_CONVERSION = YES;
				CLANG_WARN_OBJC_IMPLICIT_RETAIN_SELF = YES;
				CLANG_WARN_OBJC_LITERAL_CONVERSION = YES;
				CLANG_WARN_OBJC_ROOT_CLASS = YES_ERROR;
				CLANG_WARN_QUOTED_INCLUDE_IN_FRAMEWORK_HEADER = YES;
				CLANG_WARN_RANGE_LOOP_ANALYSIS = YES;
				CLANG_WARN_STRICT_PROTOTYPES = YES;
				CLANG_WARN_SUSPICIOUS_MOVE = YES;
				CLANG_WARN_UNGUARDED_AVAILABILITY = YES_AGGRESSIVE;
				CLANG_WARN_UNREACHABLE_CODE = YES;
				CLANG_WARN__DUPLICATE_METHOD_MATCH = YES;
				COPY_PHASE_STRIP = NO;
				DEBUG_INFORMATION_FORMAT = dwarf;
				ENABLE_STRICT_OBJC_MSGSEND = YES;
				ENABLE_TESTABILITY = YES;
				GCC_C_LANGUAGE_STANDARD = gnu11;
				GCC_DYNAMIC_NO_PIC = NO;
				GCC_NO_COMMON_BLOCKS = YES;
				GCC_OPTIMIZATION_LEVEL = 0;
				GCC_PREPROCESSOR_DEFINITIONS = (
					"DEBUG=1",
					"$(inherited)",
				);
				GCC_WARN_64_TO_32_BIT_CONVERSION = YES;
				GCC_WARN_ABOUT_RETURN_TYPE = YES_ERROR;
				GCC_WARN_UNDECLARED_SELECTOR = YES;
				GCC_WARN_UNINITIALIZED_AUTOS = YES_AGGRESSIVE;
				GCC_WARN_UNUSED_FUNCTION = YES;
				GCC_WARN_UNUSED_VARIABLE = YES;
				IPHONEOS_DEPLOYMENT_TARGET = 15.0;
				MTL_ENABLE_DEBUG_INFO = INCLUDE_SOURCE;
				MTL_FAST_MATH = YES;
				ONLY_ACTIVE_ARCH = YES;
				SDKROOT = iphoneos;
				SWIFT_ACTIVE_COMPILATION_CONDITIONS = DEBUG;
				SWIFT_OPTIMIZATION_LEVEL = "-Onone";
			};
			name = Debug;
		};
		523B7349290ECA7D0070E12A /* Release */ = {
			isa = XCBuildConfiguration;
			buildSettings = {
				ALWAYS_SEARCH_USER_PATHS = NO;
				ASSETCATALOG_COMPILER_GLOBAL_ACCENT_COLOR_NAME = "";
				CLANG_ANALYZER_LOCALIZABILITY_NONLOCALIZED = YES;
				CLANG_ANALYZER_NONNULL = YES;
				CLANG_ANALYZER_NUMBER_OBJECT_CONVERSION = YES_AGGRESSIVE;
				CLANG_CXX_LANGUAGE_STANDARD = "gnu++20";
				CLANG_ENABLE_MODULES = YES;
				CLANG_ENABLE_OBJC_ARC = YES;
				CLANG_ENABLE_OBJC_WEAK = YES;
				CLANG_WARN_BLOCK_CAPTURE_AUTORELEASING = YES;
				CLANG_WARN_BOOL_CONVERSION = YES;
				CLANG_WARN_COMMA = YES;
				CLANG_WARN_CONSTANT_CONVERSION = YES;
				CLANG_WARN_DEPRECATED_OBJC_IMPLEMENTATIONS = YES;
				CLANG_WARN_DIRECT_OBJC_ISA_USAGE = YES_ERROR;
				CLANG_WARN_DOCUMENTATION_COMMENTS = YES;
				CLANG_WARN_EMPTY_BODY = YES;
				CLANG_WARN_ENUM_CONVERSION = YES;
				CLANG_WARN_INFINITE_RECURSION = YES;
				CLANG_WARN_INT_CONVERSION = YES;
				CLANG_WARN_NON_LITERAL_NULL_CONVERSION = YES;
				CLANG_WARN_OBJC_IMPLICIT_RETAIN_SELF = YES;
				CLANG_WARN_OBJC_LITERAL_CONVERSION = YES;
				CLANG_WARN_OBJC_ROOT_CLASS = YES_ERROR;
				CLANG_WARN_QUOTED_INCLUDE_IN_FRAMEWORK_HEADER = YES;
				CLANG_WARN_RANGE_LOOP_ANALYSIS = YES;
				CLANG_WARN_STRICT_PROTOTYPES = YES;
				CLANG_WARN_SUSPICIOUS_MOVE = YES;
				CLANG_WARN_UNGUARDED_AVAILABILITY = YES_AGGRESSIVE;
				CLANG_WARN_UNREACHABLE_CODE = YES;
				CLANG_WARN__DUPLICATE_METHOD_MATCH = YES;
				COPY_PHASE_STRIP = NO;
				DEBUG_INFORMATION_FORMAT = "dwarf-with-dsym";
				ENABLE_NS_ASSERTIONS = NO;
				ENABLE_STRICT_OBJC_MSGSEND = YES;
				GCC_C_LANGUAGE_STANDARD = gnu11;
				GCC_NO_COMMON_BLOCKS = YES;
				GCC_WARN_64_TO_32_BIT_CONVERSION = YES;
				GCC_WARN_ABOUT_RETURN_TYPE = YES_ERROR;
				GCC_WARN_UNDECLARED_SELECTOR = YES;
				GCC_WARN_UNINITIALIZED_AUTOS = YES_AGGRESSIVE;
				GCC_WARN_UNUSED_FUNCTION = YES;
				GCC_WARN_UNUSED_VARIABLE = YES;
				IPHONEOS_DEPLOYMENT_TARGET = 15.0;
				MTL_ENABLE_DEBUG_INFO = NO;
				MTL_FAST_MATH = YES;
				SDKROOT = iphoneos;
				SWIFT_COMPILATION_MODE = wholemodule;
				SWIFT_OPTIMIZATION_LEVEL = "-O";
				VALIDATE_PRODUCT = YES;
			};
			name = Release;
		};
		523B734B290ECA7D0070E12A /* Debug */ = {
			isa = XCBuildConfiguration;
			baseConfigurationReference = 54B292AB1A001336D1D81857 /* Pods-My ESC Vote.debug.xcconfig */;
			buildSettings = {
				ASSETCATALOG_COMPILER_APPICON_NAME = AppIcon;
				ASSETCATALOG_COMPILER_GLOBAL_ACCENT_COLOR_NAME = AccentColor;
				CLANG_USE_OPTIMIZATION_PROFILE = NO;
				"CODE_SIGN_IDENTITY[sdk=iphoneos*]" = "iPhone Developer";
				CODE_SIGN_STYLE = Manual;
				CURRENT_PROJECT_VERSION = 1;
				DEVELOPMENT_TEAM = "";
				"DEVELOPMENT_TEAM[sdk=iphoneos*]" = H8PQ9DZ93U;
				GENERATE_INFOPLIST_FILE = YES;
				INFOPLIST_FILE = "My ESC Vote/Info.plist";
				INFOPLIST_KEY_CFBundleDisplayName = "My ESC Vote";
				INFOPLIST_KEY_LSApplicationCategoryType = "public.app-category.entertainment";
				INFOPLIST_KEY_UIApplicationSupportsIndirectInputEvents = YES;
				INFOPLIST_KEY_UILaunchStoryboardName = LaunchScreen;
				INFOPLIST_KEY_UIMainStoryboardFile = Main;
				INFOPLIST_KEY_UIStatusBarStyle = UIStatusBarStyleLightContent;
				INFOPLIST_KEY_UISupportedInterfaceOrientations = UIInterfaceOrientationPortrait;
				INFOPLIST_KEY_UISupportedInterfaceOrientations_iPad = "UIInterfaceOrientationLandscapeLeft UIInterfaceOrientationLandscapeRight UIInterfaceOrientationPortrait UIInterfaceOrientationPortraitUpsideDown";
				IPHONEOS_DEPLOYMENT_TARGET = 15.0;
				LD_RUNPATH_SEARCH_PATHS = (
					"$(inherited)",
					"@executable_path/Frameworks",
				);
				MARKETING_VERSION = 1.0;
				PRODUCT_BUNDLE_IDENTIFIER = "com.maciejpiechota92.My-ESC-Vote";
				PRODUCT_NAME = "$(TARGET_NAME)";
				PROVISIONING_PROFILE_SPECIFIER = "";
				"PROVISIONING_PROFILE_SPECIFIER[sdk=iphoneos*]" = "My ESC Vote Provisioning Profile";
				SUPPORTED_PLATFORMS = "iphoneos iphonesimulator";
				SUPPORTS_MACCATALYST = NO;
				SUPPORTS_MAC_DESIGNED_FOR_IPHONE_IPAD = NO;
				SWIFT_EMIT_LOC_STRINGS = YES;
				SWIFT_VERSION = 5.0;
				TARGETED_DEVICE_FAMILY = 1;
			};
			name = Debug;
		};
		523B734C290ECA7D0070E12A /* Release */ = {
			isa = XCBuildConfiguration;
			baseConfigurationReference = E159C06529FF6CCADC33D48A /* Pods-My ESC Vote.release.xcconfig */;
			buildSettings = {
				ASSETCATALOG_COMPILER_APPICON_NAME = AppIcon;
				ASSETCATALOG_COMPILER_GLOBAL_ACCENT_COLOR_NAME = AccentColor;
				CLANG_USE_OPTIMIZATION_PROFILE = NO;
				"CODE_SIGN_IDENTITY[sdk=iphoneos*]" = "iPhone Developer";
				CODE_SIGN_STYLE = Manual;
				CURRENT_PROJECT_VERSION = 1;
				DEVELOPMENT_TEAM = "";
				"DEVELOPMENT_TEAM[sdk=iphoneos*]" = H8PQ9DZ93U;
				GENERATE_INFOPLIST_FILE = YES;
				INFOPLIST_FILE = "My ESC Vote/Info.plist";
				INFOPLIST_KEY_CFBundleDisplayName = "My ESC Vote";
				INFOPLIST_KEY_LSApplicationCategoryType = "public.app-category.entertainment";
				INFOPLIST_KEY_UIApplicationSupportsIndirectInputEvents = YES;
				INFOPLIST_KEY_UILaunchStoryboardName = LaunchScreen;
				INFOPLIST_KEY_UIMainStoryboardFile = Main;
				INFOPLIST_KEY_UIStatusBarStyle = UIStatusBarStyleLightContent;
				INFOPLIST_KEY_UISupportedInterfaceOrientations = UIInterfaceOrientationPortrait;
				INFOPLIST_KEY_UISupportedInterfaceOrientations_iPad = "UIInterfaceOrientationLandscapeLeft UIInterfaceOrientationLandscapeRight UIInterfaceOrientationPortrait UIInterfaceOrientationPortraitUpsideDown";
				IPHONEOS_DEPLOYMENT_TARGET = 15.0;
				LD_RUNPATH_SEARCH_PATHS = (
					"$(inherited)",
					"@executable_path/Frameworks",
				);
				MARKETING_VERSION = 1.0;
				PRODUCT_BUNDLE_IDENTIFIER = "com.maciejpiechota92.My-ESC-Vote";
				PRODUCT_NAME = "$(TARGET_NAME)";
				PROVISIONING_PROFILE_SPECIFIER = "";
				"PROVISIONING_PROFILE_SPECIFIER[sdk=iphoneos*]" = "My ESC Vote Provisioning Profile";
				SUPPORTED_PLATFORMS = "iphoneos iphonesimulator";
				SUPPORTS_MACCATALYST = NO;
				SUPPORTS_MAC_DESIGNED_FOR_IPHONE_IPAD = NO;
				SWIFT_EMIT_LOC_STRINGS = YES;
				SWIFT_VERSION = 5.0;
				TARGETED_DEVICE_FAMILY = 1;
			};
			name = Release;
		};
		5261559B29180074006988BD /* Debug */ = {
			isa = XCBuildConfiguration;
			buildSettings = {
				BUNDLE_LOADER = "$(TEST_HOST)";
				CODE_SIGN_STYLE = Automatic;
				CURRENT_PROJECT_VERSION = 1;
				DEVELOPMENT_TEAM = H8PQ9DZ93U;
				GENERATE_INFOPLIST_FILE = YES;
				"HEADER_SEARCH_PATHS[arch=*]" = "$(inherited)";
				IPHONEOS_DEPLOYMENT_TARGET = 15.0;
				MARKETING_VERSION = 1.0;
				PRODUCT_BUNDLE_IDENTIFIER = "com.maciejpiechota92.My-ESC-Vote-Tests";
				PRODUCT_NAME = "$(TARGET_NAME)";
				SWIFT_EMIT_LOC_STRINGS = NO;
				SWIFT_VERSION = 5.0;
				TARGETED_DEVICE_FAMILY = "1,2";
				TEST_HOST = "$(BUILT_PRODUCTS_DIR)/My ESC Vote.app/$(BUNDLE_EXECUTABLE_FOLDER_PATH)/My ESC Vote";
			};
			name = Debug;
		};
		5261559C29180074006988BD /* Release */ = {
			isa = XCBuildConfiguration;
			buildSettings = {
				BUNDLE_LOADER = "$(TEST_HOST)";
				CODE_SIGN_STYLE = Automatic;
				CURRENT_PROJECT_VERSION = 1;
				DEVELOPMENT_TEAM = H8PQ9DZ93U;
				GENERATE_INFOPLIST_FILE = YES;
				IPHONEOS_DEPLOYMENT_TARGET = 15.0;
				MARKETING_VERSION = 1.0;
				PRODUCT_BUNDLE_IDENTIFIER = "com.maciejpiechota92.My-ESC-Vote-Tests";
				PRODUCT_NAME = "$(TARGET_NAME)";
				SWIFT_EMIT_LOC_STRINGS = NO;
				SWIFT_VERSION = 5.0;
				TARGETED_DEVICE_FAMILY = "1,2";
				TEST_HOST = "$(BUILT_PRODUCTS_DIR)/My ESC Vote.app/$(BUNDLE_EXECUTABLE_FOLDER_PATH)/My ESC Vote";
			};
			name = Release;
		};
/* End XCBuildConfiguration section */

/* Begin XCConfigurationList section */
		523B7331290ECA7C0070E12A /* Build configuration list for PBXProject "My ESC Vote" */ = {
			isa = XCConfigurationList;
			buildConfigurations = (
				523B7348290ECA7D0070E12A /* Debug */,
				523B7349290ECA7D0070E12A /* Release */,
			);
			defaultConfigurationIsVisible = 0;
			defaultConfigurationName = Release;
		};
		523B734A290ECA7D0070E12A /* Build configuration list for PBXNativeTarget "My ESC Vote" */ = {
			isa = XCConfigurationList;
			buildConfigurations = (
				523B734B290ECA7D0070E12A /* Debug */,
				523B734C290ECA7D0070E12A /* Release */,
			);
			defaultConfigurationIsVisible = 0;
			defaultConfigurationName = Release;
		};
		5261559D29180074006988BD /* Build configuration list for PBXNativeTarget "My ESC Vote Tests" */ = {
			isa = XCConfigurationList;
			buildConfigurations = (
				5261559B29180074006988BD /* Debug */,
				5261559C29180074006988BD /* Release */,
			);
			defaultConfigurationIsVisible = 0;
			defaultConfigurationName = Release;
		};
/* End XCConfigurationList section */

/* Begin XCRemoteSwiftPackageReference section */
		526155852916E9BF006988BD /* XCRemoteSwiftPackageReference "firebase-ios-sdk" */ = {
			isa = XCRemoteSwiftPackageReference;
			repositoryURL = "https://github.com/firebase/firebase-ios-sdk";
			requirement = {
				kind = upToNextMinorVersion;
				minimumVersion = 9.6.0;
			};
		};
/* End XCRemoteSwiftPackageReference section */

/* Begin XCSwiftPackageProductDependency section */
		526155862916E9BF006988BD /* FirebaseAuth */ = {
			isa = XCSwiftPackageProductDependency;
			package = 526155852916E9BF006988BD /* XCRemoteSwiftPackageReference "firebase-ios-sdk" */;
			productName = FirebaseAuth;
		};
		526155882916E9BF006988BD /* FirebaseFirestore */ = {
			isa = XCSwiftPackageProductDependency;
			package = 526155852916E9BF006988BD /* XCRemoteSwiftPackageReference "firebase-ios-sdk" */;
			productName = FirebaseFirestore;
		};
		5261558A2916E9BF006988BD /* FirebaseFirestoreSwift */ = {
			isa = XCSwiftPackageProductDependency;
			package = 526155852916E9BF006988BD /* XCRemoteSwiftPackageReference "firebase-ios-sdk" */;
			productName = FirebaseFirestoreSwift;
		};
		5261558C2916E9BF006988BD /* FirebaseStorage */ = {
			isa = XCSwiftPackageProductDependency;
			package = 526155852916E9BF006988BD /* XCRemoteSwiftPackageReference "firebase-ios-sdk" */;
			productName = FirebaseStorage;
		};
		5261559E291805D9006988BD /* FirebaseFirestore */ = {
			isa = XCSwiftPackageProductDependency;
			package = 526155852916E9BF006988BD /* XCRemoteSwiftPackageReference "firebase-ios-sdk" */;
			productName = FirebaseFirestore;
		};
		526155A0291805F4006988BD /* FirebaseAuth */ = {
			isa = XCSwiftPackageProductDependency;
			package = 526155852916E9BF006988BD /* XCRemoteSwiftPackageReference "firebase-ios-sdk" */;
			productName = FirebaseAuth;
		};
		526155A2291805F4006988BD /* FirebaseFirestoreSwift */ = {
			isa = XCSwiftPackageProductDependency;
			package = 526155852916E9BF006988BD /* XCRemoteSwiftPackageReference "firebase-ios-sdk" */;
			productName = FirebaseFirestoreSwift;
		};
/* End XCSwiftPackageProductDependency section */
	};
	rootObject = 523B732E290ECA7C0070E12A /* Project object */;
}
